
Microsoft Visual Studio Solution File, Format Version 12.00
# Visual Studio Version 16
VisualStudioVersion = 16.0.33423.256
MinimumVisualStudioVersion = 10.0.40219.1
Project("{FAE04EC0-301F-11D3-BF4B-00C04F79EFBC}") = "KutuphaneOtomasyon", "KutuphaneOtomasyon.csproj", "{C9F489D2-1498-4ECF-952F-23AEA176B756}"
EndProject
Global
	GlobalSection(SolutionConfigurationPlatforms) = preSolution
		Debug|Any CPU = Debug|Any CPU
		Release|Any CPU = Release|Any CPU
	EndGlobalSection
	GlobalSection(ProjectConfigurationPlatforms) = postSolution
		{C9F489D2-1498-4ECF-952F-23AEA176B756}.Debug|Any CPU.ActiveCfg = Debug|Any CPU
		{C9F489D2-1498-4ECF-952F-23AEA176B756}.Debug|Any CPU.Build.0 = Debug|Any CPU
		{C9F489D2-1498-4ECF-952F-23AEA176B756}.Release|Any CPU.ActiveCfg = Release|Any CPU
		{C9F489D2-1498-4ECF-952F-23AEA176B756}.Release|Any CPU.Build.0 = Release|Any CPU
	EndGlobalSection
	GlobalSection(SolutionProperties) = preSolution
		HideSolutionNode = FALSE
	EndGlobalSection
	GlobalSection(ExtensibilityGlobals) = postSolution
		SolutionGuid = {C4970FE5-FA37-4BB3-966D-DCCCC2C54C60}
	EndGlobalSection
EndGlobal
